
Microsoft Visual Studio Solution File, Format Version 12.00
# Visual Studio Version 17
VisualStudioVersion = 17.7.34024.191
MinimumVisualStudioVersion = 10.0.40219.1
Project("{FAE04EC0-301F-11D3-BF4B-00C04F79EFBC}") = "WFAPRG", "WFAPRG\WFAPRG.csproj", "{65EFFF83-AB91-4DE9-9EBF-6D0FC8E11EAE}"
EndProject
Global
	GlobalSection(SolutionConfigurationPlatforms) = preSolution
		Debug|Any CPU = Debug|Any CPU
		Release|Any CPU = Release|Any CPU
	EndGlobalSection
	GlobalSection(ProjectConfigurationPlatforms) = postSolution
		{65EFFF83-AB91-4DE9-9EBF-6D0FC8E11EAE}.Debug|Any CPU.ActiveCfg = Debug|Any CPU
		{65EFFF83-AB91-4DE9-9EBF-6D0FC8E11EAE}.Debug|Any CPU.Build.0 = Debug|Any CPU
		{65EFFF83-AB91-4DE9-9EBF-6D0FC8E11EAE}.Release|Any CPU.ActiveCfg = Release|Any CPU
		{65EFFF83-AB91-4DE9-9EBF-6D0FC8E11EAE}.Release|Any CPU.Build.0 = Release|Any CPU
	EndGlobalSection
	GlobalSection(SolutionProperties) = preSolution
		HideSolutionNode = FALSE
	EndGlobalSection
	GlobalSection(ExtensibilityGlobals) = postSolution
		SolutionGuid = {D253EC67-9D9C-4285-9497-ED872ACBA939}
	EndGlobalSection
EndGlobal
